// !$*UTF8*$!
{
	archiveVersion = 1;
	classes = {
	};
	objectVersion = 48;
	objects = {

/* Begin PBXBuildFile section */
		562551F0202830CF003BE784 /* AppDelegate.swift in Sources */ = {isa = PBXBuildFile; fileRef = 562551EF202830CF003BE784 /* AppDelegate.swift */; };
		562551F2202830CF003BE784 /* ViewController.swift in Sources */ = {isa = PBXBuildFile; fileRef = 562551F1202830CF003BE784 /* ViewController.swift */; };
		562551F5202830CF003BE784 /* Main.storyboard in Resources */ = {isa = PBXBuildFile; fileRef = 562551F3202830CF003BE784 /* Main.storyboard */; };
		562551F7202830CF003BE784 /* Assets.xcassets in Resources */ = {isa = PBXBuildFile; fileRef = 562551F6202830CF003BE784 /* Assets.xcassets */; };
		562551FA202830CF003BE784 /* LaunchScreen.storyboard in Resources */ = {isa = PBXBuildFile; fileRef = 562551F8202830CF003BE784 /* LaunchScreen.storyboard */; };
		562552042028312D003BE784 /* StepUpTextField.swift in Sources */ = {isa = PBXBuildFile; fileRef = 5625520320283127003BE784 /* StepUpTextField.swift */; };
/* End PBXBuildFile section */

/* Begin PBXFileReference section */
		562551EC202830CF003BE784 /* StepUpTextFieldDemo.app */ = {isa = PBXFileReference; explicitFileType = wrapper.application; includeInIndex = 0; path = StepUpTextFieldDemo.app; sourceTree = BUILT_PRODUCTS_DIR; };
		562551EF202830CF003BE784 /* AppDelegate.swift */ = {isa = PBXFileReference; lastKnownFileType = sourcecode.swift; path = AppDelegate.swift; sourceTree = "<group>"; };
		562551F1202830CF003BE784 /* ViewController.swift */ = {isa = PBXFileReference; lastKnownFileType = sourcecode.swift; path = ViewController.swift; sourceTree = "<group>"; };
		562551F4202830CF003BE784 /* Base */ = {isa = PBXFileReference; lastKnownFileType = file.storyboard; name = Base; path = Base.lproj/Main.storyboard; sourceTree = "<group>"; };
		562551F6202830CF003BE784 /* Assets.xcassets */ = {isa = PBXFileReference; lastKnownFileType = folder.assetcatalog; path = Assets.xcassets; sourceTree = "<group>"; };
		562551F9202830CF003BE784 /* Base */ = {isa = PBXFileReference; lastKnownFileType = file.storyboard; name = Base; path = Base.lproj/LaunchScreen.storyboard; sourceTree = "<group>"; };
		562551FB202830CF003BE784 /* Info.plist */ = {isa = PBXFileReference; lastKnownFileType = text.plist.xml; path = Info.plist; sourceTree = "<group>"; };
		5625520320283127003BE784 /* StepUpTextField.swift */ = {isa = PBXFileReference; lastKnownFileType = sourcecode.swift; path = StepUpTextField.swift; sourceTree = "<group>"; };
/* End PBXFileReference section */

/* Begin PBXFrameworksBuildPhase section */
		562551E9202830CF003BE784 /* Frameworks */ = {
			isa = PBXFrameworksBuildPhase;
			buildActionMask = 2147483647;
			files = (
			);
			runOnlyForDeploymentPostprocessing = 0;
		};
/* End PBXFrameworksBuildPhase section */

/* Begin PBXGroup section */
		562551E3202830CF003BE784 = {
			isa = PBXGroup;
			children = (
				562551EE202830CF003BE784 /* StepUpTextFieldDemo */,
				562551ED202830CF003BE784 /* Products */,
			);
			sourceTree = "<group>";
		};
		562551ED202830CF003BE784 /* Products */ = {
			isa = PBXGroup;
			children = (
				562551EC202830CF003BE784 /* StepUpTextFieldDemo.app */,
			);
			name = Products;
			sourceTree = "<group>";
		};
		562551EE202830CF003BE784 /* StepUpTextFieldDemo */ = {
			isa = PBXGroup;
			children = (
				56255201202830FB003BE784 /* Source */,
				562551EF202830CF003BE784 /* AppDelegate.swift */,
				562551F1202830CF003BE784 /* ViewController.swift */,
				562551F3202830CF003BE784 /* Main.storyboard */,
				562551F6202830CF003BE784 /* Assets.xcassets */,
				562551F8202830CF003BE784 /* LaunchScreen.storyboard */,
				562551FB202830CF003BE784 /* Info.plist */,
			);
			path = StepUpTextFieldDemo;
			sourceTree = "<group>";
		};
		56255201202830FB003BE784 /* Source */ = {
			isa = PBXGroup;
			children = (
				5625520320283127003BE784 /* StepUpTextField.swift */,
			);
			path = Source;
			sourceTree = "<group>";
		};
/* End PBXGroup section */

/* Begin PBXNativeTarget section */
		562551EB202830CF003BE784 /* StepUpTextFieldDemo */ = {
			isa = PBXNativeTarget;
			buildConfigurationList = 562551FE202830CF003BE784 /* Build configuration list for PBXNativeTarget "StepUpTextFieldDemo" */;
			buildPhases = (
				562551E8202830CF003BE784 /* Sources */,
				562551E9202830CF003BE784 /* Frameworks */,
				562551EA202830CF003BE784 /* Resources */,
			);
			buildRules = (
			);
			dependencies = (
			);
			name = StepUpTextFieldDemo;
			productName = StepUpTextFieldDemo;
			productReference = 562551EC202830CF003BE784 /* StepUpTextFieldDemo.app */;
			productType = "com.apple.product-type.application";
		};
/* End PBXNativeTarget section */

/* Begin PBXProject section */
		562551E4202830CF003BE784 /* Project object */ = {
			isa = PBXProject;
			attributes = {
				LastSwiftUpdateCheck = 0900;
				LastUpgradeCheck = 0900;
				ORGANIZATIONNAME = HB007;
				TargetAttributes = {
					562551EB202830CF003BE784 = {
						CreatedOnToolsVersion = 9.0;
						LastSwiftMigration = 0820;
						ProvisioningStyle = Automatic;
					};
				};
			};
			buildConfigurationList = 562551E7202830CF003BE784 /* Build configuration list for PBXProject "StepUpTextFieldDemo" */;
			compatibilityVersion = "Xcode 8.0";
			developmentRegion = en;
			hasScannedForEncodings = 0;
			knownRegions = (
				en,
				Base,
			);
			mainGroup = 562551E3202830CF003BE784;
			productRefGroup = 562551ED202830CF003BE784 /* Products */;
			projectDirPath = "";
			projectRoot = "";
			targets = (
				562551EB202830CF003BE784 /* StepUpTextFieldDemo */,
			);
		};
/* End PBXProject section */

/* Begin PBXResourcesBuildPhase section */
		562551EA202830CF003BE784 /* Resources */ = {
			isa = PBXResourcesBuildPhase;
			buildActionMask = 2147483647;
			files = (
				562551FA202830CF003BE784 /* LaunchScreen.storyboard in Resources */,
				562551F7202830CF003BE784 /* Assets.xcassets in Resources */,
				562551F5202830CF003BE784 /* Main.storyboard in Resources */,
			);
			runOnlyForDeploymentPostprocessing = 0;
		};
/* End PBXResourcesBuildPhase section */

/* Begin PBXSourcesBuildPhase section */
		562551E8202830CF003BE784 /* Sources */ = {
			isa = PBXSourcesBuildPhase;
			buildActionMask = 2147483647;
			files = (
				562552042028312D003BE784 /* StepUpTextField.swift in Sources */,
				562551F2202830CF003BE784 /* ViewController.swift in Sources */,
				562551F0202830CF003BE784 /* AppDelegate.swift in Sources */,
			);
			runOnlyForDeploymentPostprocessing = 0;
		};
/* End PBXSourcesBuildPhase section */

/* Begin PBXVariantGroup section */
		562551F3202830CF003BE784 /* Main.storyboard */ = {
			isa = PBXVariantGroup;
			children = (
				562551F4202830CF003BE784 /* Base */,
			);
			name = Main.storyboard;
			sourceTree = "<group>";
		};
		562551F8202830CF003BE784 /* LaunchScreen.storyboard */ = {
			isa = PBXVariantGroup;
			children = (
				562551F9202830CF003BE784 /* Base */,
			);
			name = LaunchScreen.storyboard;
			sourceTree = "<group>";
		};
/* End PBXVariantGroup section */

/* Begin XCBuildConfiguration section */
		562551FC202830CF003BE784 /* Debug */ = {
			isa = XCBuildConfiguration;
			buildSettings = {
				ALWAYS_SEARCH_USER_PATHS = NO;
				CLANG_ANALYZER_NONNULL = YES;
				CLANG_ANALYZER_NUMBER_OBJECT_CONVERSION = YES_AGGRESSIVE;
				CLANG_CXX_LANGUAGE_STANDARD = "gnu++14";
				CLANG_CXX_LIBRARY = "libc++";
				CLANG_ENABLE_MODULES = YES;
				CLANG_ENABLE_OBJC_ARC = YES;
				CLANG_WARN_BLOCK_CAPTURE_AUTORELEASING = YES;
				CLANG_WARN_BOOL_CONVERSION = YES;
				CLANG_WARN_COMMA = YES;
				CLANG_WARN_CONSTANT_CONVERSION = YES;
				CLANG_WARN_DIRECT_OBJC_ISA_USAGE = YES_ERROR;
				CLANG_WARN_DOCUMENTATION_COMMENTS = YES;
				CLANG_WARN_EMPTY_BODY = YES;
				CLANG_WARN_ENUM_CONVERSION = YES;
				CLANG_WARN_INFINITE_RECURSION = YES;
				CLANG_WARN_INT_CONVERSION = YES;
				CLANG_WARN_NON_LITERAL_NULL_CONVERSION = YES;
				CLANG_WARN_OBJC_LITERAL_CONVERSION = YES;
				CLANG_WARN_OBJC_ROOT_CLASS = YES_ERROR;
				CLANG_WARN_RANGE_LOOP_ANALYSIS = YES;
				CLANG_WARN_STRICT_PROTOTYPES = YES;
				CLANG_WARN_SUSPICIOUS_MOVE = YES;
				CLANG_WARN_UNGUARDED_AVAILABILITY = YES_AGGRESSIVE;
				CLANG_WARN_UNREACHABLE_CODE = YES;
				CLANG_WARN__DUPLICATE_METHOD_MATCH = YES;
				CODE_SIGN_IDENTITY = "";
				COPY_PHASE_STRIP = NO;
				DEBUG_INFORMATION_FORMAT = dwarf;
				ENABLE_STRICT_OBJC_MSGSEND = YES;
				ENABLE_TESTABILITY = YES;
				GCC_C_LANGUAGE_STANDARD = gnu11;
				GCC_DYNAMIC_NO_PIC = NO;
				GCC_NO_COMMON_BLOCKS = YES;
				GCC_OPTIMIZATION_LEVEL = 0;
				GCC_PREPROCESSOR_DEFINITIONS = (
					"DEBUG=1",
					"$(inherited)",
				);
				GCC_WARN_64_TO_32_BIT_CONVERSION = YES;
				GCC_WARN_ABOUT_RETURN_TYPE = YES_ERROR;
				GCC_WARN_UNDECLARED_SELECTOR = YES;
				GCC_WARN_UNINITIALIZED_AUTOS = YES_AGGRESSIVE;
				GCC_WARN_UNUSED_FUNCTION = YES;
				GCC_WARN_UNUSED_VARIABLE = YES;
				IPHONEOS_DEPLOYMENT_TARGET = 9.0;
				MTL_ENABLE_DEBUG_INFO = YES;
				ONLY_ACTIVE_ARCH = YES;
				SDKROOT = iphoneos10.2;
				SWIFT_ACTIVE_COMPILATION_CONDITIONS = DEBUG;
				SWIFT_OPTIMIZATION_LEVEL = "-Onone";
				SWIFT_VERSION = 3.0;
			};
			name = Debug;
		};
		562551FD202830CF003BE784 /* Release */ = {
			isa = XCBuildConfiguration;
			buildSettings = {
				ALWAYS_SEARCH_USER_PATHS = NO;
				CLANG_ANALYZER_NONNULL = YES;
				CLANG_ANALYZER_NUMBER_OBJECT_CONVERSION = YES_AGGRESSIVE;
				CLANG_CXX_LANGUAGE_STANDARD = "gnu++14";
				CLANG_CXX_LIBRARY = "libc++";
				CLANG_ENABLE_MODULES = YES;
				CLANG_ENABLE_OBJC_ARC = YES;
				CLANG_WARN_BLOCK_CAPTURE_AUTORELEASING = YES;
				CLANG_WARN_BOOL_CONVERSION = YES;
				CLANG_WARN_COMMA = YES;
				CLANG_WARN_CONSTANT_CONVERSION = YES;
				CLANG_WARN_DIRECT_OBJC_ISA_USAGE = YES_ERROR;
				CLANG_WARN_DOCUMENTATION_COMMENTS = YES;
				CLANG_WARN_EMPTY_BODY = YES;
				CLANG_WARN_ENUM_CONVERSION = YES;
				CLANG_WARN_INFINITE_RECURSION = YES;
				CLANG_WARN_INT_CONVERSION = YES;
				CLANG_WARN_NON_LITERAL_NULL_CONVERSION = YES;
				CLANG_WARN_OBJC_LITERAL_CONVERSION = YES;
				CLANG_WARN_OBJC_ROOT_CLASS = YES_ERROR;
				CLANG_WARN_RANGE_LOOP_ANALYSIS = YES;
				CLANG_WARN_STRICT_PROTOTYPES = YES;
				CLANG_WARN_SUSPICIOUS_MOVE = YES;
				CLANG_WARN_UNGUARDED_AVAILABILITY = YES_AGGRESSIVE;
				CLANG_WARN_UNREACHABLE_CODE = YES;
				CLANG_WARN__DUPLICATE_METHOD_MATCH = YES;
				CODE_SIGN_IDENTITY = "";
				COPY_PHASE_STRIP = NO;
				DEBUG_INFORMATION_FORMAT = "dwarf-with-dsym";
				ENABLE_NS_ASSERTIONS = NO;
				ENABLE_STRICT_OBJC_MSGSEND = YES;
				ENABLE_TESTABILITY = NO;
				GCC_C_LANGUAGE_STANDARD = gnu11;
				GCC_NO_COMMON_BLOCKS = YES;
				GCC_WARN_64_TO_32_BIT_CONVERSION = YES;
				GCC_WARN_ABOUT_RETURN_TYPE = YES_ERROR;
				GCC_WARN_UNDECLARED_SELECTOR = YES;
				GCC_WARN_UNINITIALIZED_AUTOS = YES_AGGRESSIVE;
				GCC_WARN_UNUSED_FUNCTION = YES;
				GCC_WARN_UNUSED_VARIABLE = YES;
				IPHONEOS_DEPLOYMENT_TARGET = 9.0;
				MTL_ENABLE_DEBUG_INFO = NO;
				ONLY_ACTIVE_ARCH = YES;
				SDKROOT = iphoneos10.2;
				SWIFT_OPTIMIZATION_LEVEL = "-Owholemodule";
				SWIFT_VERSION = 3.0;
				VALIDATE_PRODUCT = YES;
			};
			name = Release;
		};
		562551FF202830CF003BE784 /* Debug */ = {
			isa = XCBuildConfiguration;
			buildSettings = {
				ASSETCATALOG_COMPILER_APPICON_NAME = AppIcon;
				"CODE_SIGN_IDENTITY[sdk=iphoneos*]" = "iPhone Developer";
				CODE_SIGN_STYLE = Automatic;
				DEVELOPMENT_TEAM = "";
				INFOPLIST_FILE = StepUpTextFieldDemo/Info.plist;
				LD_RUNPATH_SEARCH_PATHS = "$(inherited) @executable_path/Frameworks";
				PRODUCT_BUNDLE_IDENTIFIER = HB007.StepUpTextFieldDemo;
				PRODUCT_NAME = "$(TARGET_NAME)";
				PROVISIONING_PROFILE_SPECIFIER = "";
				SWIFT_VERSION = 3.0;
				TARGETED_DEVICE_FAMILY = "1,2";
			};
			name = Debug;
		};
		56255200202830CF003BE784 /* Release */ = {
			isa = XCBuildConfiguration;
			buildSettings = {
				ASSETCATALOG_COMPILER_APPICON_NAME = AppIcon;
				"CODE_SIGN_IDENTITY[sdk=iphoneos*]" = "iPhone Developer";
				CODE_SIGN_STYLE = Automatic;
				DEVELOPMENT_TEAM = "";
				INFOPLIST_FILE = StepUpTextFieldDemo/Info.plist;
				LD_RUNPATH_SEARCH_PATHS = "$(inherited) @executable_path/Frameworks";
				PRODUCT_BUNDLE_IDENTIFIER = HB007.StepUpTextFieldDemo;
				PRODUCT_NAME = "$(TARGET_NAME)";
				PROVISIONING_PROFILE_SPECIFIER = "";
				SWIFT_OPTIMIZATION_LEVEL = "-Owholemodule";
				SWIFT_VERSION = 3.0;
				TARGETED_DEVICE_FAMILY = "1,2";
			};
			name = Release;
		};
/* End XCBuildConfiguration section */

/* Begin XCConfigurationList section */
		562551E7202830CF003BE784 /* Build configuration list for PBXProject "StepUpTextFieldDemo" */ = {
			isa = XCConfigurationList;
			buildConfigurations = (
				562551FC202830CF003BE784 /* Debug */,
				562551FD202830CF003BE784 /* Release */,
			);
			defaultConfigurationIsVisible = 0;
			defaultConfigurationName = Debug;
		};
		562551FE202830CF003BE784 /* Build configuration list for PBXNativeTarget "StepUpTextFieldDemo" */ = {
			isa = XCConfigurationList;
			buildConfigurations = (
				562551FF202830CF003BE784 /* Debug */,
				56255200202830CF003BE784 /* Release */,
			);
			defaultConfigurationIsVisible = 0;
			defaultConfigurationName = Debug;
		};
/* End XCConfigurationList section */
	};
	rootObject = 562551E4202830CF003BE784 /* Project object */;
}
